
Microsoft Visual Studio Solution File, Format Version 12.00
# Visual Studio Version 17
VisualStudioVersion = 17.5.002.0
MinimumVisualStudioVersion = 10.0.40219.1
Project("{9A19103F-16F7-4668-BE54-9A1E7A4F7556}") = "UI", "UI.csproj", "{BCC85974-4061-4886-814B-C0C6F609629B}"
EndProject
Global
	GlobalSection(SolutionConfigurationPlatforms) = preSolution
		Debug|Any CPU = Debug|Any CPU
		Release|Any CPU = Release|Any CPU
	EndGlobalSection
	GlobalSection(ProjectConfigurationPlatforms) = postSolution
		{BCC85974-4061-4886-814B-C0C6F609629B}.Debug|Any CPU.ActiveCfg = Debug|Any CPU
		{BCC85974-4061-4886-814B-C0C6F609629B}.Debug|Any CPU.Build.0 = Debug|Any CPU
		{BCC85974-4061-4886-814B-C0C6F609629B}.Release|Any CPU.ActiveCfg = Release|Any CPU
		{BCC85974-4061-4886-814B-C0C6F609629B}.Release|Any CPU.Build.0 = Release|Any CPU
	EndGlobalSection
	GlobalSection(SolutionProperties) = preSolution
		HideSolutionNode = FALSE
	EndGlobalSection
	GlobalSection(ExtensibilityGlobals) = postSolution
		SolutionGuid = {2934D917-A85A-432F-9FD6-E91EECD39D16}
	EndGlobalSection
EndGlobal
